
Microsoft Visual Studio Solution File, Format Version 12.00
# Visual Studio Version 17
VisualStudioVersion = 17.5.002.0
MinimumVisualStudioVersion = 10.0.40219.1
Project("{9A19103F-16F7-4668-BE54-9A1E7A4F7556}") = "AnimalShelterApi", "AnimalShelterAPI\AnimalShelterApi.csproj", "{D753C536-34E0-4632-A0E2-DC833661039D}"
EndProject
Global
	GlobalSection(SolutionConfigurationPlatforms) = preSolution
		Debug|Any CPU = Debug|Any CPU
		Release|Any CPU = Release|Any CPU
	EndGlobalSection
	GlobalSection(ProjectConfigurationPlatforms) = postSolution
		{D753C536-34E0-4632-A0E2-DC833661039D}.Debug|Any CPU.ActiveCfg = Debug|Any CPU
		{D753C536-34E0-4632-A0E2-DC833661039D}.Debug|Any CPU.Build.0 = Debug|Any CPU
		{D753C536-34E0-4632-A0E2-DC833661039D}.Release|Any CPU.ActiveCfg = Release|Any CPU
		{D753C536-34E0-4632-A0E2-DC833661039D}.Release|Any CPU.Build.0 = Release|Any CPU
	EndGlobalSection
	GlobalSection(SolutionProperties) = preSolution
		HideSolutionNode = FALSE
	EndGlobalSection
	GlobalSection(ExtensibilityGlobals) = postSolution
		SolutionGuid = {4067834E-FA88-4FFF-8B38-A310E9936A26}
	EndGlobalSection
EndGlobal
